
Microsoft Visual Studio Solution File, Format Version 12.00
# Visual Studio Version 17
VisualStudioVersion = 17.9.34728.123
MinimumVisualStudioVersion = 10.0.40219.1
Project("{FAE04EC0-301F-11D3-BF4B-00C04F79EFBC}") = "labsheet 02 question 2", "labsheet 02 question 2\labsheet 02 question 2.csproj", "{747F67CC-56A5-491A-A501-22B2CEEE36AD}"
EndProject
Global
	GlobalSection(SolutionConfigurationPlatforms) = preSolution
		Debug|Any CPU = Debug|Any CPU
		Release|Any CPU = Release|Any CPU
	EndGlobalSection
	GlobalSection(ProjectConfigurationPlatforms) = postSolution
		{747F67CC-56A5-491A-A501-22B2CEEE36AD}.Debug|Any CPU.ActiveCfg = Debug|Any CPU
		{747F67CC-56A5-491A-A501-22B2CEEE36AD}.Debug|Any CPU.Build.0 = Debug|Any CPU
		{747F67CC-56A5-491A-A501-22B2CEEE36AD}.Release|Any CPU.ActiveCfg = Release|Any CPU
		{747F67CC-56A5-491A-A501-22B2CEEE36AD}.Release|Any CPU.Build.0 = Release|Any CPU
	EndGlobalSection
	GlobalSection(SolutionProperties) = preSolution
		HideSolutionNode = FALSE
	EndGlobalSection
	GlobalSection(ExtensibilityGlobals) = postSolution
		SolutionGuid = {6A7CF7A8-1DFB-4C7D-8510-24789F6543E8}
	EndGlobalSection
EndGlobal
